{
  "name": "test-project",
  "version": "1.0.0",
  "lockfileVersion": 3,
  "requires": true,
  "packages": {
    "": {
      "name": "test-project",
      "version": "1.0.0",
      "dependencies": {
        "@tsc-run/adapter-aws": "file:../packages/adapter-aws",
        "@tsc-run/core": "file:../packages/core"
      }
    },
    "../packages/adapter-aws": {
      "name": "@tsc-run/adapter-aws",
      "version": "0.6.0-alpha.1",
      "license": "MIT",
      "dependencies": {
        "@aws-sdk/client-ssm": "^3.817.0",
        "@tsc-run/core": "workspace:*",
        "@tsc-run/utils": "workspace:*",
        "aws-cdk": "^2.0.0",
        "aws-cdk-lib": "^2.0.0",
        "constructs": "^10.0.0",
        "esbuild": "^0.25.4"
      },
      "devDependencies": {
        "@types/aws-lambda": "^8.10.0",
        "@types/node": "^20.0.0",
        "typescript": "^5.0.0"
      }
    },
    "../packages/core": {
      "name": "@tsc-run/core",
      "version": "0.6.0-alpha.1",
      "license": "MIT",
      "dependencies": {
        "@aws-sdk/client-eventbridge": "^3.816.0",
        "@aws-sdk/client-sqs": "^3.816.0",
        "@types/node": "^22.15.21",
        "esbuild": "^0.25.4",
        "zod": "^3.25.23"
      },
      "devDependencies": {
        "typescript": "^5.0.0"
      }
    },
    "node_modules/@tsc-run/adapter-aws": {
      "resolved": "../packages/adapter-aws",
      "link": true
    },
    "node_modules/@tsc-run/core": {
      "resolved": "../packages/core",
      "link": true
    }
  }
}
